// !$*UTF8*$!
{
	archiveVersion = 1;
	classes = {
	};
	objectVersion = 46;
	objects = {

/* Begin PBXBuildFile section */
		89EF7D831E4736080028A661 /* Conv.cpp in Sources */ = {isa = PBXBuildFile; fileRef = 89EF7D791E4736080028A661 /* Conv.cpp */; };
		89EF7D851E4736080028A661 /* main.cpp in Sources */ = {isa = PBXBuildFile; fileRef = 89EF7D7E1E4736080028A661 /* main.cpp */; };
		89EF7D8A1E4736B10028A661 /* BerTlv.cpp in Sources */ = {isa = PBXBuildFile; fileRef = 89EF7D881E4736B10028A661 /* BerTlv.cpp */; };
/* End PBXBuildFile section */

/* Begin PBXCopyFilesBuildPhase section */
		8990F8071E47349200526389 /* CopyFiles */ = {
			isa = PBXCopyFilesBuildPhase;
			buildActionMask = 2147483647;
			dstPath = /usr/share/man/man1/;
			dstSubfolderSpec = 0;
			files = (
			);
			runOnlyForDeploymentPostprocessing = 1;
		};
/* End PBXCopyFilesBuildPhase section */

/* Begin PBXFileReference section */
		89C672C21E477FB500F17939 /* BER_TLV */ = {isa = PBXFileReference; explicitFileType = "compiled.mach-o.executable"; includeInIndex = 0; path = BER_TLV; sourceTree = BUILT_PRODUCTS_DIR; };
		89EF7D791E4736080028A661 /* Conv.cpp */ = {isa = PBXFileReference; fileEncoding = 4; lastKnownFileType = sourcecode.cpp.cpp; name = Conv.cpp; path = ../../src/Conv.cpp; sourceTree = "<group>"; };
		89EF7D7A1E4736080028A661 /* Conv.h */ = {isa = PBXFileReference; fileEncoding = 4; lastKnownFileType = sourcecode.c.h; name = Conv.h; path = ../../src/Conv.h; sourceTree = "<group>"; };
		89EF7D7B1E4736080028A661 /* Global.h */ = {isa = PBXFileReference; fileEncoding = 4; lastKnownFileType = sourcecode.c.h; name = Global.h; path = ../../src/Global.h; sourceTree = "<group>"; };
		89EF7D7E1E4736080028A661 /* main.cpp */ = {isa = PBXFileReference; fileEncoding = 4; lastKnownFileType = sourcecode.cpp.cpp; name = main.cpp; path = ../../src/main.cpp; sourceTree = "<group>"; };
		89EF7D881E4736B10028A661 /* BerTlv.cpp */ = {isa = PBXFileReference; fileEncoding = 4; lastKnownFileType = sourcecode.cpp.cpp; name = BerTlv.cpp; path = ../../src/BerTlv.cpp; sourceTree = "<group>"; };
		89EF7D891E4736B10028A661 /* BerTlv.h */ = {isa = PBXFileReference; fileEncoding = 4; lastKnownFileType = sourcecode.c.h; name = BerTlv.h; path = ../../src/BerTlv.h; sourceTree = "<group>"; };
/* End PBXFileReference section */

/* Begin PBXFrameworksBuildPhase section */
		8990F8061E47349200526389 /* Frameworks */ = {
			isa = PBXFrameworksBuildPhase;
			buildActionMask = 2147483647;
			files = (
			);
			runOnlyForDeploymentPostprocessing = 0;
		};
/* End PBXFrameworksBuildPhase section */

/* Begin PBXGroup section */
		8990F8001E47349200526389 = {
			isa = PBXGroup;
			children = (
				89EF7D881E4736B10028A661 /* BerTlv.cpp */,
				89EF7D891E4736B10028A661 /* BerTlv.h */,
				89EF7D791E4736080028A661 /* Conv.cpp */,
				89EF7D7A1E4736080028A661 /* Conv.h */,
				89EF7D7B1E4736080028A661 /* Global.h */,
				89EF7D7E1E4736080028A661 /* main.cpp */,
				89C672C21E477FB500F17939 /* BER_TLV */,
			);
			sourceTree = "<group>";
		};
/* End PBXGroup section */

/* Begin PBXNativeTarget section */
		8990F8081E47349200526389 /* BER_TLV */ = {
			isa = PBXNativeTarget;
			buildConfigurationList = 8990F8101E47349200526389 /* Build configuration list for PBXNativeTarget "BER_TLV" */;
			buildPhases = (
				8990F8051E47349200526389 /* Sources */,
				8990F8061E47349200526389 /* Frameworks */,
				8990F8071E47349200526389 /* CopyFiles */,
			);
			buildRules = (
			);
			dependencies = (
			);
			name = BER_TLV;
			productName = BER_TLV;
			productReference = 89C672C21E477FB500F17939 /* BER_TLV */;
			productType = "com.apple.product-type.tool";
		};
/* End PBXNativeTarget section */

/* Begin PBXProject section */
		8990F8011E47349200526389 /* Project object */ = {
			isa = PBXProject;
			attributes = {
				LastUpgradeCheck = 0820;
				ORGANIZATIONNAME = "Robert Hucko";
				TargetAttributes = {
					8990F8081E47349200526389 = {
						CreatedOnToolsVersion = 8.2;
						ProvisioningStyle = Automatic;
					};
				};
			};
			buildConfigurationList = 8990F8041E47349200526389 /* Build configuration list for PBXProject "BER_TLV" */;
			compatibilityVersion = "Xcode 3.2";
			developmentRegion = English;
			hasScannedForEncodings = 0;
			knownRegions = (
				en,
			);
			mainGroup = 8990F8001E47349200526389;
			productRefGroup = 8990F8001E47349200526389;
			projectDirPath = "";
			projectRoot = "";
			targets = (
				8990F8081E47349200526389 /* BER_TLV */,
			);
		};
/* End PBXProject section */

/* Begin PBXSourcesBuildPhase section */
		8990F8051E47349200526389 /* Sources */ = {
			isa = PBXSourcesBuildPhase;
			buildActionMask = 2147483647;
			files = (
				89EF7D831E4736080028A661 /* Conv.cpp in Sources */,
				89EF7D8A1E4736B10028A661 /* BerTlv.cpp in Sources */,
				89EF7D851E4736080028A661 /* main.cpp in Sources */,
			);
			runOnlyForDeploymentPostprocessing = 0;
		};
/* End PBXSourcesBuildPhase section */

/* Begin XCBuildConfiguration section */
		8990F80E1E47349200526389 /* Debug */ = {
			isa = XCBuildConfiguration;
			buildSettings = {
				ALWAYS_SEARCH_USER_PATHS = NO;
				CLANG_ANALYZER_NONNULL = YES;
				CLANG_CXX_LANGUAGE_STANDARD = "gnu++0x";
				CLANG_CXX_LIBRARY = "libc++";
				CLANG_ENABLE_MODULES = YES;
				CLANG_ENABLE_OBJC_ARC = YES;
				CLANG_WARN_BOOL_CONVERSION = YES;
				CLANG_WARN_CONSTANT_CONVERSION = YES;
				CLANG_WARN_DIRECT_OBJC_ISA_USAGE = YES_ERROR;
				CLANG_WARN_DOCUMENTATION_COMMENTS = YES;
				CLANG_WARN_EMPTY_BODY = YES;
				CLANG_WARN_ENUM_CONVERSION = YES;
				CLANG_WARN_INFINITE_RECURSION = YES;
				CLANG_WARN_INT_CONVERSION = YES;
				CLANG_WARN_OBJC_ROOT_CLASS = YES_ERROR;
				CLANG_WARN_SUSPICIOUS_MOVE = YES;
				CLANG_WARN_UNREACHABLE_CODE = YES;
				CLANG_WARN__DUPLICATE_METHOD_MATCH = YES;
				CODE_SIGN_IDENTITY = "-";
				COPY_PHASE_STRIP = NO;
				DEBUG_INFORMATION_FORMAT = dwarf;
				ENABLE_STRICT_OBJC_MSGSEND = YES;
				ENABLE_TESTABILITY = YES;
				GCC_C_LANGUAGE_STANDARD = gnu99;
				GCC_DYNAMIC_NO_PIC = NO;
				GCC_NO_COMMON_BLOCKS = YES;
				GCC_OPTIMIZATION_LEVEL = 0;
				GCC_PREPROCESSOR_DEFINITIONS = (
					"DEBUG=1",
					"$(inherited)",
				);
				GCC_WARN_64_TO_32_BIT_CONVERSION = YES;
				GCC_WARN_ABOUT_RETURN_TYPE = YES_ERROR;
				GCC_WARN_UNDECLARED_SELECTOR = YES;
				GCC_WARN_UNINITIALIZED_AUTOS = YES_AGGRESSIVE;
				GCC_WARN_UNUSED_FUNCTION = YES;
				GCC_WARN_UNUSED_VARIABLE = YES;
				MACOSX_DEPLOYMENT_TARGET = 10.11;
				MTL_ENABLE_DEBUG_INFO = YES;
				ONLY_ACTIVE_ARCH = YES;
				SDKROOT = macosx;
			};
			name = Debug;
		};
		8990F80F1E47349200526389 /* Release */ = {
			isa = XCBuildConfiguration;
			buildSettings = {
				ALWAYS_SEARCH_USER_PATHS = NO;
				CLANG_ANALYZER_NONNULL = YES;
				CLANG_CXX_LANGUAGE_STANDARD = "gnu++0x";
				CLANG_CXX_LIBRARY = "libc++";
				CLANG_ENABLE_MODULES = YES;
				CLANG_ENABLE_OBJC_ARC = YES;
				CLANG_WARN_BOOL_CONVERSION = YES;
				CLANG_WARN_CONSTANT_CONVERSION = YES;
				CLANG_WARN_DIRECT_OBJC_ISA_USAGE = YES_ERROR;
				CLANG_WARN_DOCUMENTATION_COMMENTS = YES;
				CLANG_WARN_EMPTY_BODY = YES;
				CLANG_WARN_ENUM_CONVERSION = YES;
				CLANG_WARN_INFINITE_RECURSION = YES;
				CLANG_WARN_INT_CONVERSION = YES;
				CLANG_WARN_OBJC_ROOT_CLASS = YES_ERROR;
				CLANG_WARN_SUSPICIOUS_MOVE = YES;
				CLANG_WARN_UNREACHABLE_CODE = YES;
				CLANG_WARN__DUPLICATE_METHOD_MATCH = YES;
				CODE_SIGN_IDENTITY = "-";
				COPY_PHASE_STRIP = NO;
				DEBUG_INFORMATION_FORMAT = "dwarf-with-dsym";
				ENABLE_NS_ASSERTIONS = NO;
				ENABLE_STRICT_OBJC_MSGSEND = YES;
				GCC_C_LANGUAGE_STANDARD = gnu99;
				GCC_NO_COMMON_BLOCKS = YES;
				GCC_WARN_64_TO_32_BIT_CONVERSION = YES;
				GCC_WARN_ABOUT_RETURN_TYPE = YES_ERROR;
				GCC_WARN_UNDECLARED_SELECTOR = YES;
				GCC_WARN_UNINITIALIZED_AUTOS = YES_AGGRESSIVE;
				GCC_WARN_UNUSED_FUNCTION = YES;
				GCC_WARN_UNUSED_VARIABLE = YES;
				MACOSX_DEPLOYMENT_TARGET = 10.11;
				MTL_ENABLE_DEBUG_INFO = NO;
				SDKROOT = macosx;
			};
			name = Release;
		};
		8990F8111E47349200526389 /* Debug */ = {
			isa = XCBuildConfiguration;
			buildSettings = {
				GCC_NO_COMMON_BLOCKS = YES;
				PRODUCT_NAME = "$(TARGET_NAME)";
			};
			name = Debug;
		};
		8990F8121E47349200526389 /* Release */ = {
			isa = XCBuildConfiguration;
			buildSettings = {
				GCC_NO_COMMON_BLOCKS = YES;
				PRODUCT_NAME = "$(TARGET_NAME)";
			};
			name = Release;
		};
/* End XCBuildConfiguration section */

/* Begin XCConfigurationList section */
		8990F8041E47349200526389 /* Build configuration list for PBXProject "BER_TLV" */ = {
			isa = XCConfigurationList;
			buildConfigurations = (
				8990F80E1E47349200526389 /* Debug */,
				8990F80F1E47349200526389 /* Release */,
			);
			defaultConfigurationIsVisible = 0;
			defaultConfigurationName = Release;
		};
		8990F8101E47349200526389 /* Build configuration list for PBXNativeTarget "BER_TLV" */ = {
			isa = XCConfigurationList;
			buildConfigurations = (
				8990F8111E47349200526389 /* Debug */,
				8990F8121E47349200526389 /* Release */,
			);
			defaultConfigurationIsVisible = 0;
			defaultConfigurationName = Release;
		};
/* End XCConfigurationList section */
	};
	rootObject = 8990F8011E47349200526389 /* Project object */;
}
