
Microsoft Visual Studio Solution File, Format Version 11.00
# Visual Studio 2010
Project("{8BC9CEB8-8B4A-11D0-8D11-00A0C91BC942}") = "BER-TLV", "BER-TLV.vcxproj", "{5E368B9A-70A1-49BD-8CA9-19CF223FC02C}"
EndProject
Global
	GlobalSection(SolutionConfigurationPlatforms) = preSolution
		Debug|Win32 = Debug|Win32
		Release|Win32 = Release|Win32
	EndGlobalSection
	GlobalSection(ProjectConfigurationPlatforms) = postSolution
		{5E368B9A-70A1-49BD-8CA9-19CF223FC02C}.Debug|Win32.ActiveCfg = Debug|Win32
		{5E368B9A-70A1-49BD-8CA9-19CF223FC02C}.Debug|Win32.Build.0 = Debug|Win32
		{5E368B9A-70A1-49BD-8CA9-19CF223FC02C}.Release|Win32.ActiveCfg = Release|Win32
		{5E368B9A-70A1-49BD-8CA9-19CF223FC02C}.Release|Win32.Build.0 = Release|Win32
	EndGlobalSection
	GlobalSection(SolutionProperties) = preSolution
		HideSolutionNode = FALSE
	EndGlobalSection
EndGlobal
